
Microsoft Visual Studio Solution File, Format Version 12.00
# Visual Studio 15
Project("{FAE04EC0-301F-11D3-BF4B-00C04F79EFBC}") = "Assembly-CSharp", "Assembly-CSharp.csproj", "{E90DE692-4C1D-1309-F740-9ED02D8AD415}"
EndProject
Project("{FAE04EC0-301F-11D3-BF4B-00C04F79EFBC}") = "Assembly-CSharp-Editor", "Assembly-CSharp-Editor.csproj", "{D5FF6986-91BB-40D1-0EB8-8660AB37B5F9}"
EndProject
Global
	GlobalSection(SolutionConfigurationPlatforms) = preSolution
		Debug|Any CPU = Debug|Any CPU
		Release|Any CPU = Release|Any CPU
	EndGlobalSection
	GlobalSection(ProjectConfigurationPlatforms) = postSolution
		{E90DE692-4C1D-1309-F740-9ED02D8AD415}.Debug|Any CPU.ActiveCfg = Debug|Any CPU
		{E90DE692-4C1D-1309-F740-9ED02D8AD415}.Debug|Any CPU.Build.0 = Debug|Any CPU
		{E90DE692-4C1D-1309-F740-9ED02D8AD415}.Release|Any CPU.ActiveCfg = Release|Any CPU
		{E90DE692-4C1D-1309-F740-9ED02D8AD415}.Release|Any CPU.Build.0 = Release|Any CPU
		{D5FF6986-91BB-40D1-0EB8-8660AB37B5F9}.Debug|Any CPU.ActiveCfg = Debug|Any CPU
		{D5FF6986-91BB-40D1-0EB8-8660AB37B5F9}.Debug|Any CPU.Build.0 = Debug|Any CPU
		{D5FF6986-91BB-40D1-0EB8-8660AB37B5F9}.Release|Any CPU.ActiveCfg = Release|Any CPU
		{D5FF6986-91BB-40D1-0EB8-8660AB37B5F9}.Release|Any CPU.Build.0 = Release|Any CPU
	EndGlobalSection
	GlobalSection(SolutionProperties) = preSolution
		HideSolutionNode = FALSE
	EndGlobalSection
EndGlobal
